
Microsoft Visual Studio Solution File, Format Version 12.00
# Visual Studio Version 17
VisualStudioVersion = 17.8.34309.116
MinimumVisualStudioVersion = 10.0.40219.1
Project("{FAE04EC0-301F-11D3-BF4B-00C04F79EFBC}") = "Lab2", "Lab2.csproj", "{3F359BA1-C85C-420D-89F8-5068FFECA367}"
EndProject
Global
	GlobalSection(SolutionConfigurationPlatforms) = preSolution
		Debug|Any CPU = Debug|Any CPU
		Release|Any CPU = Release|Any CPU
	EndGlobalSection
	GlobalSection(ProjectConfigurationPlatforms) = postSolution
		{3F359BA1-C85C-420D-89F8-5068FFECA367}.Debug|Any CPU.ActiveCfg = Debug|Any CPU
		{3F359BA1-C85C-420D-89F8-5068FFECA367}.Debug|Any CPU.Build.0 = Debug|Any CPU
		{3F359BA1-C85C-420D-89F8-5068FFECA367}.Release|Any CPU.ActiveCfg = Release|Any CPU
		{3F359BA1-C85C-420D-89F8-5068FFECA367}.Release|Any CPU.Build.0 = Release|Any CPU
	EndGlobalSection
	GlobalSection(SolutionProperties) = preSolution
		HideSolutionNode = FALSE
	EndGlobalSection
	GlobalSection(ExtensibilityGlobals) = postSolution
		SolutionGuid = {7DA1F3A6-147D-4304-B09F-05A4CCF62D5C}
	EndGlobalSection
EndGlobal
