
Microsoft Visual Studio Solution File, Format Version 12.00
# Visual Studio Version 17
VisualStudioVersion = 17.8.34309.116
MinimumVisualStudioVersion = 10.0.40219.1
Project("{FAE04EC0-301F-11D3-BF4B-00C04F79EFBC}") = "LabsLibrary2", "LabsLibrary2.csproj", "{8CED72F7-2A1E-4E06-A370-EB409FA504A4}"
EndProject
Global
	GlobalSection(SolutionConfigurationPlatforms) = preSolution
		Debug|Any CPU = Debug|Any CPU
		Release|Any CPU = Release|Any CPU
	EndGlobalSection
	GlobalSection(ProjectConfigurationPlatforms) = postSolution
		{8CED72F7-2A1E-4E06-A370-EB409FA504A4}.Debug|Any CPU.ActiveCfg = Debug|Any CPU
		{8CED72F7-2A1E-4E06-A370-EB409FA504A4}.Debug|Any CPU.Build.0 = Debug|Any CPU
		{8CED72F7-2A1E-4E06-A370-EB409FA504A4}.Release|Any CPU.ActiveCfg = Release|Any CPU
		{8CED72F7-2A1E-4E06-A370-EB409FA504A4}.Release|Any CPU.Build.0 = Release|Any CPU
	EndGlobalSection
	GlobalSection(SolutionProperties) = preSolution
		HideSolutionNode = FALSE
	EndGlobalSection
	GlobalSection(ExtensibilityGlobals) = postSolution
		SolutionGuid = {4CC66B94-D197-49FC-8E6B-6BF1FB4342FC}
	EndGlobalSection
EndGlobal
