
Microsoft Visual Studio Solution File, Format Version 12.00
# Visual Studio Version 17
VisualStudioVersion = 17.8.34309.116
MinimumVisualStudioVersion = 10.0.40219.1
Project("{FAE04EC0-301F-11D3-BF4B-00C04F79EFBC}") = "Lab1", "Lab1.csproj", "{C950C1B7-7DD4-480F-AC22-C7C33D2C91D5}"
EndProject
Global
	GlobalSection(SolutionConfigurationPlatforms) = preSolution
		Debug|Any CPU = Debug|Any CPU
		Release|Any CPU = Release|Any CPU
	EndGlobalSection
	GlobalSection(ProjectConfigurationPlatforms) = postSolution
		{C950C1B7-7DD4-480F-AC22-C7C33D2C91D5}.Debug|Any CPU.ActiveCfg = Debug|Any CPU
		{C950C1B7-7DD4-480F-AC22-C7C33D2C91D5}.Debug|Any CPU.Build.0 = Debug|Any CPU
		{C950C1B7-7DD4-480F-AC22-C7C33D2C91D5}.Release|Any CPU.ActiveCfg = Release|Any CPU
		{C950C1B7-7DD4-480F-AC22-C7C33D2C91D5}.Release|Any CPU.Build.0 = Release|Any CPU
	EndGlobalSection
	GlobalSection(SolutionProperties) = preSolution
		HideSolutionNode = FALSE
	EndGlobalSection
	GlobalSection(ExtensibilityGlobals) = postSolution
		SolutionGuid = {FC1C32FB-5CB8-41B4-A518-00B6C6864A6D}
	EndGlobalSection
EndGlobal
